
Microsoft Visual Studio Solution File, Format Version 12.00
# Visual Studio 15
VisualStudioVersion = 15.0.28307.489
MinimumVisualStudioVersion = 10.0.40219.1
Project("{8BC9CEB8-8B4A-11D0-8D11-00A0C91BC942}") = "DrawDem", "DrawDem\DrawDem.vcxproj", "{0293B750-C56D-43FA-A32E-F2A3647DD934}"
EndProject
Global
	GlobalSection(SolutionConfigurationPlatforms) = preSolution
		Debug|x64 = Debug|x64
		Debug|x86 = Debug|x86
		Release|x64 = Release|x64
		Release|x86 = Release|x86
	EndGlobalSection
	GlobalSection(ProjectConfigurationPlatforms) = postSolution
		{0293B750-C56D-43FA-A32E-F2A3647DD934}.Debug|x64.ActiveCfg = Debug|x64
		{0293B750-C56D-43FA-A32E-F2A3647DD934}.Debug|x64.Build.0 = Debug|x64
		{0293B750-C56D-43FA-A32E-F2A3647DD934}.Debug|x86.ActiveCfg = Debug|Win32
		{0293B750-C56D-43FA-A32E-F2A3647DD934}.Debug|x86.Build.0 = Debug|Win32
		{0293B750-C56D-43FA-A32E-F2A3647DD934}.Release|x64.ActiveCfg = Release|x64
		{0293B750-C56D-43FA-A32E-F2A3647DD934}.Release|x64.Build.0 = Release|x64
		{0293B750-C56D-43FA-A32E-F2A3647DD934}.Release|x86.ActiveCfg = Release|Win32
		{0293B750-C56D-43FA-A32E-F2A3647DD934}.Release|x86.Build.0 = Release|Win32
	EndGlobalSection
	GlobalSection(SolutionProperties) = preSolution
		HideSolutionNode = FALSE
	EndGlobalSection
	GlobalSection(ExtensibilityGlobals) = postSolution
		SolutionGuid = {FABC060A-CEBC-47EA-A220-67CF89588BA4}
	EndGlobalSection
EndGlobal
